
Microsoft Visual Studio Solution File, Format Version 12.00
# Visual Studio Version 17
VisualStudioVersion = 17.7.34031.279
MinimumVisualStudioVersion = 10.0.40219.1
Project("{FAE04EC0-301F-11D3-BF4B-00C04F79EFBC}") = "BusinessClockApi", "BusinessClockApi\BusinessClockApi.csproj", "{90A401A3-78D5-4A17-B8D9-E3EE90795CF8}"
EndProject
Project("{FAE04EC0-301F-11D3-BF4B-00C04F79EFBC}") = "BusinessClockApi.IntegrationTests", "BusinessClockApi.IntegrationTests\BusinessClockApi.IntegrationTests.csproj", "{D061DE35-7FF1-4C11-88CD-F999455078C7}"
EndProject
Project("{FAE04EC0-301F-11D3-BF4B-00C04F79EFBC}") = "BusinessClockApi.UnitTests", "BusinessClockApi.UnitTests\BusinessClockApi.UnitTests.csproj", "{DEBAD883-7F7B-4F1F-A8EA-1B5A0878CA9D}"
EndProject
Global
	GlobalSection(SolutionConfigurationPlatforms) = preSolution
		Debug|Any CPU = Debug|Any CPU
		Release|Any CPU = Release|Any CPU
	EndGlobalSection
	GlobalSection(ProjectConfigurationPlatforms) = postSolution
		{90A401A3-78D5-4A17-B8D9-E3EE90795CF8}.Debug|Any CPU.ActiveCfg = Debug|Any CPU
		{90A401A3-78D5-4A17-B8D9-E3EE90795CF8}.Debug|Any CPU.Build.0 = Debug|Any CPU
		{90A401A3-78D5-4A17-B8D9-E3EE90795CF8}.Release|Any CPU.ActiveCfg = Release|Any CPU
		{90A401A3-78D5-4A17-B8D9-E3EE90795CF8}.Release|Any CPU.Build.0 = Release|Any CPU
		{D061DE35-7FF1-4C11-88CD-F999455078C7}.Debug|Any CPU.ActiveCfg = Debug|Any CPU
		{D061DE35-7FF1-4C11-88CD-F999455078C7}.Debug|Any CPU.Build.0 = Debug|Any CPU
		{D061DE35-7FF1-4C11-88CD-F999455078C7}.Release|Any CPU.ActiveCfg = Release|Any CPU
		{D061DE35-7FF1-4C11-88CD-F999455078C7}.Release|Any CPU.Build.0 = Release|Any CPU
		{DEBAD883-7F7B-4F1F-A8EA-1B5A0878CA9D}.Debug|Any CPU.ActiveCfg = Debug|Any CPU
		{DEBAD883-7F7B-4F1F-A8EA-1B5A0878CA9D}.Debug|Any CPU.Build.0 = Debug|Any CPU
		{DEBAD883-7F7B-4F1F-A8EA-1B5A0878CA9D}.Release|Any CPU.ActiveCfg = Release|Any CPU
		{DEBAD883-7F7B-4F1F-A8EA-1B5A0878CA9D}.Release|Any CPU.Build.0 = Release|Any CPU
	EndGlobalSection
	GlobalSection(SolutionProperties) = preSolution
		HideSolutionNode = FALSE
	EndGlobalSection
	GlobalSection(ExtensibilityGlobals) = postSolution
		SolutionGuid = {056F2436-5A3E-4DAC-B611-DAFC448D0078}
	EndGlobalSection
EndGlobal
